
Microsoft Visual Studio Solution File, Format Version 10.00
# Visual Studio 2008
Project("{D2ABAB84-BF74-430A-B69E-9DC6D40DDA17}") = "OLAP_LOGISTICS", "OLAP_LOGISTICS.dwproj", "{10F7EC8F-535E-4254-B2F5-53C009122D26}"
EndProject
Global
	GlobalSection(SolutionConfigurationPlatforms) = preSolution
		Development|Default = Development|Default
	EndGlobalSection
	GlobalSection(ProjectConfigurationPlatforms) = postSolution
		{10F7EC8F-535E-4254-B2F5-53C009122D26}.Development|Default.ActiveCfg = Development
		{10F7EC8F-535E-4254-B2F5-53C009122D26}.Development|Default.Build.0 = Development
		{10F7EC8F-535E-4254-B2F5-53C009122D26}.Development|Default.Deploy.0 = Development
	EndGlobalSection
	GlobalSection(SolutionProperties) = preSolution
		HideSolutionNode = FALSE
	EndGlobalSection
EndGlobal
